
Microsoft Visual Studio Solution File, Format Version 12.00
# Visual Studio Version 17
VisualStudioVersion = 17.0.31710.8
MinimumVisualStudioVersion = 10.0.40219.1
Project("{9A19103F-16F7-4668-BE54-9A1E7A4F7556}") = "Softmax.Data", "Softmax.Data\Softmax.Data.csproj", "{CFAC7653-9343-4FA8-AC87-B79672DB7440}"
EndProject
Project("{9A19103F-16F7-4668-BE54-9A1E7A4F7556}") = "Softmax.Data.EntityFrameworkCore", "Softmax.Data.EntityFrameworkCore\Softmax.Data.EntityFrameworkCore.csproj", "{E5BA86DB-65ED-4073-B0B4-DAA18F317858}"
EndProject
Project("{9A19103F-16F7-4668-BE54-9A1E7A4F7556}") = "Softmax.Utilities.Validation", "Softmax.Utilities.Validation\Softmax.Utilities.Validation.csproj", "{C39E5305-9370-4017-B922-CE64102B1CFB}"
EndProject
Project("{9A19103F-16F7-4668-BE54-9A1E7A4F7556}") = "Softmax.Utilities.Security", "Softmax.Utilities.Security\Softmax.Utilities.Security.csproj", "{0F1658DF-8964-4567-91AD-A41C75467643}"
EndProject
Project("{9A19103F-16F7-4668-BE54-9A1E7A4F7556}") = "Softmax.Logging.NLog", "Softmax.Logging.NLog\Softmax.Logging.NLog.csproj", "{07B881AA-14DE-47A5-B888-CDA460C1BE52}"
EndProject
Project("{9A19103F-16F7-4668-BE54-9A1E7A4F7556}") = "Softmax.Logging", "Softmax.Logging\Softmax.Logging.csproj", "{384C576C-DF5D-4F51-816B-7AC375895321}"
EndProject
Project("{9A19103F-16F7-4668-BE54-9A1E7A4F7556}") = "Softmax.Result", "Softmax.Result\Softmax.Result.csproj", "{459E5899-3E44-4F5B-B18A-88937D7059B1}"
EndProject
Global
	GlobalSection(SolutionConfigurationPlatforms) = preSolution
		Debug|Any CPU = Debug|Any CPU
		Release|Any CPU = Release|Any CPU
	EndGlobalSection
	GlobalSection(ProjectConfigurationPlatforms) = postSolution
		{CFAC7653-9343-4FA8-AC87-B79672DB7440}.Debug|Any CPU.ActiveCfg = Debug|Any CPU
		{CFAC7653-9343-4FA8-AC87-B79672DB7440}.Debug|Any CPU.Build.0 = Debug|Any CPU
		{CFAC7653-9343-4FA8-AC87-B79672DB7440}.Release|Any CPU.ActiveCfg = Release|Any CPU
		{CFAC7653-9343-4FA8-AC87-B79672DB7440}.Release|Any CPU.Build.0 = Release|Any CPU
		{E5BA86DB-65ED-4073-B0B4-DAA18F317858}.Debug|Any CPU.ActiveCfg = Debug|Any CPU
		{E5BA86DB-65ED-4073-B0B4-DAA18F317858}.Debug|Any CPU.Build.0 = Debug|Any CPU
		{E5BA86DB-65ED-4073-B0B4-DAA18F317858}.Release|Any CPU.ActiveCfg = Release|Any CPU
		{E5BA86DB-65ED-4073-B0B4-DAA18F317858}.Release|Any CPU.Build.0 = Release|Any CPU
		{C39E5305-9370-4017-B922-CE64102B1CFB}.Debug|Any CPU.ActiveCfg = Debug|Any CPU
		{C39E5305-9370-4017-B922-CE64102B1CFB}.Debug|Any CPU.Build.0 = Debug|Any CPU
		{C39E5305-9370-4017-B922-CE64102B1CFB}.Release|Any CPU.ActiveCfg = Release|Any CPU
		{C39E5305-9370-4017-B922-CE64102B1CFB}.Release|Any CPU.Build.0 = Release|Any CPU
		{0F1658DF-8964-4567-91AD-A41C75467643}.Debug|Any CPU.ActiveCfg = Debug|Any CPU
		{0F1658DF-8964-4567-91AD-A41C75467643}.Debug|Any CPU.Build.0 = Debug|Any CPU
		{0F1658DF-8964-4567-91AD-A41C75467643}.Release|Any CPU.ActiveCfg = Release|Any CPU
		{0F1658DF-8964-4567-91AD-A41C75467643}.Release|Any CPU.Build.0 = Release|Any CPU
		{07B881AA-14DE-47A5-B888-CDA460C1BE52}.Debug|Any CPU.ActiveCfg = Debug|Any CPU
		{07B881AA-14DE-47A5-B888-CDA460C1BE52}.Debug|Any CPU.Build.0 = Debug|Any CPU
		{07B881AA-14DE-47A5-B888-CDA460C1BE52}.Release|Any CPU.ActiveCfg = Release|Any CPU
		{07B881AA-14DE-47A5-B888-CDA460C1BE52}.Release|Any CPU.Build.0 = Release|Any CPU
		{384C576C-DF5D-4F51-816B-7AC375895321}.Debug|Any CPU.ActiveCfg = Debug|Any CPU
		{384C576C-DF5D-4F51-816B-7AC375895321}.Debug|Any CPU.Build.0 = Debug|Any CPU
		{384C576C-DF5D-4F51-816B-7AC375895321}.Release|Any CPU.ActiveCfg = Release|Any CPU
		{384C576C-DF5D-4F51-816B-7AC375895321}.Release|Any CPU.Build.0 = Release|Any CPU
		{459E5899-3E44-4F5B-B18A-88937D7059B1}.Debug|Any CPU.ActiveCfg = Debug|Any CPU
		{459E5899-3E44-4F5B-B18A-88937D7059B1}.Debug|Any CPU.Build.0 = Debug|Any CPU
		{459E5899-3E44-4F5B-B18A-88937D7059B1}.Release|Any CPU.ActiveCfg = Release|Any CPU
		{459E5899-3E44-4F5B-B18A-88937D7059B1}.Release|Any CPU.Build.0 = Release|Any CPU
	EndGlobalSection
	GlobalSection(SolutionProperties) = preSolution
		HideSolutionNode = FALSE
	EndGlobalSection
	GlobalSection(ExtensibilityGlobals) = postSolution
		SolutionGuid = {521FD1EF-4AFB-4843-956F-CE0655745116}
	EndGlobalSection
EndGlobal
