
Microsoft Visual Studio Solution File, Format Version 12.00
# Visual Studio Version 17
VisualStudioVersion = 17.2.32505.173
MinimumVisualStudioVersion = 10.0.40219.1
Project("{2150E333-8FDC-42A3-9474-1A3956D46DE8}") = "Data Access Layer", "Data Access Layer", "{04D72E17-5497-485F-AFF5-7DE03DA4AB73}"
EndProject
Project("{2150E333-8FDC-42A3-9474-1A3956D46DE8}") = "Domain Models", "Domain Models", "{53E45FCC-F1F3-4DFC-82A0-A93713226335}"
EndProject
Project("{2150E333-8FDC-42A3-9474-1A3956D46DE8}") = "Presentation Layer", "Presentation Layer", "{85FC5B33-655E-4BC3-AF55-952B0B090E46}"
EndProject
Project("{2150E333-8FDC-42A3-9474-1A3956D46DE8}") = "Shared", "Shared", "{7409BF11-5276-4221-ADE1-FF5C9AB3056D}"
EndProject
Project("{9A19103F-16F7-4668-BE54-9A1E7A4F7556}") = "Persistence", "src\Persistence\Persistence\Persistence.csproj", "{E01BFBC6-363B-4661-A4D9-EF99BAE72D7C}"
EndProject
Project("{9A19103F-16F7-4668-BE54-9A1E7A4F7556}") = "Domain", "src\Domain\Domain.csproj", "{0E35D163-4E38-43FA-899E-B3F74FD209FD}"
EndProject
Project("{9A19103F-16F7-4668-BE54-9A1E7A4F7556}") = "Server", "src\Server\Server.csproj", "{C648C3C7-7B8D-4A1E-8ECB-0E081DD6C35D}"
EndProject
Project("{2150E333-8FDC-42A3-9474-1A3956D46DE8}") = "Libraries", "Libraries", "{6A79570C-92F6-4234-BED4-0D52C3911A10}"
EndProject
Project("{9A19103F-16F7-4668-BE54-9A1E7A4F7556}") = "Shared", "src\Shared\Shared\Shared.csproj", "{B085A113-351E-4D23-B9C7-0813F3533DB0}"
EndProject
Project("{9A19103F-16F7-4668-BE54-9A1E7A4F7556}") = "Softmax.Result", "src\Shared\Softmax Libraries\Softmax.Result\Softmax.Result.csproj", "{358C5EE6-B2BC-4A73-9D89-F91540A107C8}"
EndProject
Project("{9A19103F-16F7-4668-BE54-9A1E7A4F7556}") = "Dtat.Logging", "src\Shared\Softmax Libraries\Softmax.Logging\Dtat.Logging.csproj", "{6964C770-5B67-489B-BE4E-C7F698CE89E0}"
EndProject
Project("{9A19103F-16F7-4668-BE54-9A1E7A4F7556}") = "Dtat.Logging.NLogAdapter", "src\Shared\Softmax Libraries\Softmax.Logging.NLog\Dtat.Logging.NLogAdapter.csproj", "{1352C698-0594-4336-A73D-348C024733FE}"
EndProject
Project("{2150E333-8FDC-42A3-9474-1A3956D46DE8}") = "Resources", "Resources", "{CB04E696-6A9C-4A59-8AC2-52AE49DA1081}"
EndProject
Project("{2150E333-8FDC-42A3-9474-1A3956D46DE8}") = "src", "src", "{4287E354-B11C-42F6-9AA9-D5AEE18F6A20}"
EndProject
Project("{9A19103F-16F7-4668-BE54-9A1E7A4F7556}") = "Resources", "src\Shared\Resources\Resources.csproj", "{F5BAA91F-4B35-487F-91F2-753A0A9338F6}"
EndProject
Project("{9A19103F-16F7-4668-BE54-9A1E7A4F7556}") = "Constants", "src\Shared\Constants\Constants.csproj", "{34D783ED-A179-4B53-A510-C7D32FFF8166}"
EndProject
Project("{2150E333-8FDC-42A3-9474-1A3956D46DE8}") = "Tests", "Tests", "{F25D826B-FD94-45C2-BC16-6AD4974EAB97}"
EndProject
Project("{9A19103F-16F7-4668-BE54-9A1E7A4F7556}") = "Tests", "src\Tests\Tests.csproj", "{3C164FFA-27FE-438E-A3B5-F923EABC9BFC}"
EndProject
Project("{9A19103F-16F7-4668-BE54-9A1E7A4F7556}") = "Softmax.Swagger", "src\Shared\Softmax Libraries\Softmax.Swagger\Softmax.Swagger.csproj", "{9EB08744-0789-4A94-8789-41DC73DF909F}"
EndProject
Project("{2150E333-8FDC-42A3-9474-1A3956D46DE8}") = "Solution Items", "Solution Items", "{1E0E11C0-A562-4648-BBA3-0E4B4B6DA8D0}"
	ProjectSection(SolutionItems) = preProject
		README.md = README.md
	EndProjectSection
EndProject
Project("{9A19103F-16F7-4668-BE54-9A1E7A4F7556}") = "Persistence.PostgreSql", "src\Persistence\Persistence.PostgreSql\Persistence.PostgreSql.csproj", "{F472D5E2-6226-472A-B873-A2AC8D2CC031}"
EndProject
Project("{9A19103F-16F7-4668-BE54-9A1E7A4F7556}") = "Persistence.Sqlite", "src\Persistence\Persistence.Sqlite\Persistence.Sqlite.csproj", "{2BC6FCB3-73C9-4D17-8E7F-30EEA5D56C53}"
EndProject
Project("{9A19103F-16F7-4668-BE54-9A1E7A4F7556}") = "Persistence.SqlServer", "src\Persistence\Persistence.SqlServer\Persistence.SqlServer.csproj", "{FA721213-829E-401D-AF93-98B19F8D0617}"
EndProject
Project("{9A19103F-16F7-4668-BE54-9A1E7A4F7556}") = "Softmax.Abstractions", "src\Shared\Softmax Libraries\Softmax.Abstractions\Softmax.Abstractions.csproj", "{A24F0471-EF2C-4B7C-A078-23B9F2CD0D96}"
EndProject
Project("{9A19103F-16F7-4668-BE54-9A1E7A4F7556}") = "Softmax.Utilities", "src\Shared\Softmax Libraries\Softmax.Utilities\Softmax.Utilities.csproj", "{2E78C96C-DBB0-42FC-8F0D-1AA73C063A98}"
EndProject
Global
	GlobalSection(SolutionConfigurationPlatforms) = preSolution
		Debug|Any CPU = Debug|Any CPU
		Release|Any CPU = Release|Any CPU
	EndGlobalSection
	GlobalSection(ProjectConfigurationPlatforms) = postSolution
		{E01BFBC6-363B-4661-A4D9-EF99BAE72D7C}.Debug|Any CPU.ActiveCfg = Debug|Any CPU
		{E01BFBC6-363B-4661-A4D9-EF99BAE72D7C}.Debug|Any CPU.Build.0 = Debug|Any CPU
		{E01BFBC6-363B-4661-A4D9-EF99BAE72D7C}.Release|Any CPU.ActiveCfg = Release|Any CPU
		{E01BFBC6-363B-4661-A4D9-EF99BAE72D7C}.Release|Any CPU.Build.0 = Release|Any CPU
		{0E35D163-4E38-43FA-899E-B3F74FD209FD}.Debug|Any CPU.ActiveCfg = Debug|Any CPU
		{0E35D163-4E38-43FA-899E-B3F74FD209FD}.Debug|Any CPU.Build.0 = Debug|Any CPU
		{0E35D163-4E38-43FA-899E-B3F74FD209FD}.Release|Any CPU.ActiveCfg = Release|Any CPU
		{0E35D163-4E38-43FA-899E-B3F74FD209FD}.Release|Any CPU.Build.0 = Release|Any CPU
		{C648C3C7-7B8D-4A1E-8ECB-0E081DD6C35D}.Debug|Any CPU.ActiveCfg = Debug|Any CPU
		{C648C3C7-7B8D-4A1E-8ECB-0E081DD6C35D}.Debug|Any CPU.Build.0 = Debug|Any CPU
		{C648C3C7-7B8D-4A1E-8ECB-0E081DD6C35D}.Release|Any CPU.ActiveCfg = Release|Any CPU
		{C648C3C7-7B8D-4A1E-8ECB-0E081DD6C35D}.Release|Any CPU.Build.0 = Release|Any CPU
		{B085A113-351E-4D23-B9C7-0813F3533DB0}.Debug|Any CPU.ActiveCfg = Debug|Any CPU
		{B085A113-351E-4D23-B9C7-0813F3533DB0}.Debug|Any CPU.Build.0 = Debug|Any CPU
		{B085A113-351E-4D23-B9C7-0813F3533DB0}.Release|Any CPU.ActiveCfg = Release|Any CPU
		{B085A113-351E-4D23-B9C7-0813F3533DB0}.Release|Any CPU.Build.0 = Release|Any CPU
		{358C5EE6-B2BC-4A73-9D89-F91540A107C8}.Debug|Any CPU.ActiveCfg = Debug|Any CPU
		{358C5EE6-B2BC-4A73-9D89-F91540A107C8}.Debug|Any CPU.Build.0 = Debug|Any CPU
		{358C5EE6-B2BC-4A73-9D89-F91540A107C8}.Release|Any CPU.ActiveCfg = Release|Any CPU
		{358C5EE6-B2BC-4A73-9D89-F91540A107C8}.Release|Any CPU.Build.0 = Release|Any CPU
		{6964C770-5B67-489B-BE4E-C7F698CE89E0}.Debug|Any CPU.ActiveCfg = Debug|Any CPU
		{6964C770-5B67-489B-BE4E-C7F698CE89E0}.Debug|Any CPU.Build.0 = Debug|Any CPU
		{6964C770-5B67-489B-BE4E-C7F698CE89E0}.Release|Any CPU.ActiveCfg = Release|Any CPU
		{6964C770-5B67-489B-BE4E-C7F698CE89E0}.Release|Any CPU.Build.0 = Release|Any CPU
		{1352C698-0594-4336-A73D-348C024733FE}.Debug|Any CPU.ActiveCfg = Debug|Any CPU
		{1352C698-0594-4336-A73D-348C024733FE}.Debug|Any CPU.Build.0 = Debug|Any CPU
		{1352C698-0594-4336-A73D-348C024733FE}.Release|Any CPU.ActiveCfg = Release|Any CPU
		{1352C698-0594-4336-A73D-348C024733FE}.Release|Any CPU.Build.0 = Release|Any CPU
		{F5BAA91F-4B35-487F-91F2-753A0A9338F6}.Debug|Any CPU.ActiveCfg = Debug|Any CPU
		{F5BAA91F-4B35-487F-91F2-753A0A9338F6}.Debug|Any CPU.Build.0 = Debug|Any CPU
		{F5BAA91F-4B35-487F-91F2-753A0A9338F6}.Release|Any CPU.ActiveCfg = Release|Any CPU
		{F5BAA91F-4B35-487F-91F2-753A0A9338F6}.Release|Any CPU.Build.0 = Release|Any CPU
		{34D783ED-A179-4B53-A510-C7D32FFF8166}.Debug|Any CPU.ActiveCfg = Debug|Any CPU
		{34D783ED-A179-4B53-A510-C7D32FFF8166}.Debug|Any CPU.Build.0 = Debug|Any CPU
		{34D783ED-A179-4B53-A510-C7D32FFF8166}.Release|Any CPU.ActiveCfg = Release|Any CPU
		{34D783ED-A179-4B53-A510-C7D32FFF8166}.Release|Any CPU.Build.0 = Release|Any CPU
		{3C164FFA-27FE-438E-A3B5-F923EABC9BFC}.Debug|Any CPU.ActiveCfg = Debug|Any CPU
		{3C164FFA-27FE-438E-A3B5-F923EABC9BFC}.Debug|Any CPU.Build.0 = Debug|Any CPU
		{3C164FFA-27FE-438E-A3B5-F923EABC9BFC}.Release|Any CPU.ActiveCfg = Release|Any CPU
		{3C164FFA-27FE-438E-A3B5-F923EABC9BFC}.Release|Any CPU.Build.0 = Release|Any CPU
		{9EB08744-0789-4A94-8789-41DC73DF909F}.Debug|Any CPU.ActiveCfg = Debug|Any CPU
		{9EB08744-0789-4A94-8789-41DC73DF909F}.Debug|Any CPU.Build.0 = Debug|Any CPU
		{9EB08744-0789-4A94-8789-41DC73DF909F}.Release|Any CPU.ActiveCfg = Release|Any CPU
		{9EB08744-0789-4A94-8789-41DC73DF909F}.Release|Any CPU.Build.0 = Release|Any CPU
		{F472D5E2-6226-472A-B873-A2AC8D2CC031}.Debug|Any CPU.ActiveCfg = Debug|Any CPU
		{F472D5E2-6226-472A-B873-A2AC8D2CC031}.Debug|Any CPU.Build.0 = Debug|Any CPU
		{F472D5E2-6226-472A-B873-A2AC8D2CC031}.Release|Any CPU.ActiveCfg = Release|Any CPU
		{F472D5E2-6226-472A-B873-A2AC8D2CC031}.Release|Any CPU.Build.0 = Release|Any CPU
		{2BC6FCB3-73C9-4D17-8E7F-30EEA5D56C53}.Debug|Any CPU.ActiveCfg = Debug|Any CPU
		{2BC6FCB3-73C9-4D17-8E7F-30EEA5D56C53}.Debug|Any CPU.Build.0 = Debug|Any CPU
		{2BC6FCB3-73C9-4D17-8E7F-30EEA5D56C53}.Release|Any CPU.ActiveCfg = Release|Any CPU
		{2BC6FCB3-73C9-4D17-8E7F-30EEA5D56C53}.Release|Any CPU.Build.0 = Release|Any CPU
		{FA721213-829E-401D-AF93-98B19F8D0617}.Debug|Any CPU.ActiveCfg = Debug|Any CPU
		{FA721213-829E-401D-AF93-98B19F8D0617}.Debug|Any CPU.Build.0 = Debug|Any CPU
		{FA721213-829E-401D-AF93-98B19F8D0617}.Release|Any CPU.ActiveCfg = Release|Any CPU
		{FA721213-829E-401D-AF93-98B19F8D0617}.Release|Any CPU.Build.0 = Release|Any CPU
		{A24F0471-EF2C-4B7C-A078-23B9F2CD0D96}.Debug|Any CPU.ActiveCfg = Debug|Any CPU
		{A24F0471-EF2C-4B7C-A078-23B9F2CD0D96}.Debug|Any CPU.Build.0 = Debug|Any CPU
		{A24F0471-EF2C-4B7C-A078-23B9F2CD0D96}.Release|Any CPU.ActiveCfg = Release|Any CPU
		{A24F0471-EF2C-4B7C-A078-23B9F2CD0D96}.Release|Any CPU.Build.0 = Release|Any CPU
		{2E78C96C-DBB0-42FC-8F0D-1AA73C063A98}.Debug|Any CPU.ActiveCfg = Debug|Any CPU
		{2E78C96C-DBB0-42FC-8F0D-1AA73C063A98}.Debug|Any CPU.Build.0 = Debug|Any CPU
		{2E78C96C-DBB0-42FC-8F0D-1AA73C063A98}.Release|Any CPU.ActiveCfg = Release|Any CPU
		{2E78C96C-DBB0-42FC-8F0D-1AA73C063A98}.Release|Any CPU.Build.0 = Release|Any CPU
	EndGlobalSection
	GlobalSection(SolutionProperties) = preSolution
		HideSolutionNode = FALSE
	EndGlobalSection
	GlobalSection(NestedProjects) = preSolution
		{04D72E17-5497-485F-AFF5-7DE03DA4AB73} = {4287E354-B11C-42F6-9AA9-D5AEE18F6A20}
		{53E45FCC-F1F3-4DFC-82A0-A93713226335} = {4287E354-B11C-42F6-9AA9-D5AEE18F6A20}
		{85FC5B33-655E-4BC3-AF55-952B0B090E46} = {4287E354-B11C-42F6-9AA9-D5AEE18F6A20}
		{7409BF11-5276-4221-ADE1-FF5C9AB3056D} = {4287E354-B11C-42F6-9AA9-D5AEE18F6A20}
		{E01BFBC6-363B-4661-A4D9-EF99BAE72D7C} = {04D72E17-5497-485F-AFF5-7DE03DA4AB73}
		{0E35D163-4E38-43FA-899E-B3F74FD209FD} = {53E45FCC-F1F3-4DFC-82A0-A93713226335}
		{C648C3C7-7B8D-4A1E-8ECB-0E081DD6C35D} = {85FC5B33-655E-4BC3-AF55-952B0B090E46}
		{6A79570C-92F6-4234-BED4-0D52C3911A10} = {7409BF11-5276-4221-ADE1-FF5C9AB3056D}
		{B085A113-351E-4D23-B9C7-0813F3533DB0} = {7409BF11-5276-4221-ADE1-FF5C9AB3056D}
		{358C5EE6-B2BC-4A73-9D89-F91540A107C8} = {6A79570C-92F6-4234-BED4-0D52C3911A10}
		{6964C770-5B67-489B-BE4E-C7F698CE89E0} = {6A79570C-92F6-4234-BED4-0D52C3911A10}
		{1352C698-0594-4336-A73D-348C024733FE} = {6A79570C-92F6-4234-BED4-0D52C3911A10}
		{CB04E696-6A9C-4A59-8AC2-52AE49DA1081} = {7409BF11-5276-4221-ADE1-FF5C9AB3056D}
		{F5BAA91F-4B35-487F-91F2-753A0A9338F6} = {CB04E696-6A9C-4A59-8AC2-52AE49DA1081}
		{34D783ED-A179-4B53-A510-C7D32FFF8166} = {7409BF11-5276-4221-ADE1-FF5C9AB3056D}
		{F25D826B-FD94-45C2-BC16-6AD4974EAB97} = {4287E354-B11C-42F6-9AA9-D5AEE18F6A20}
		{3C164FFA-27FE-438E-A3B5-F923EABC9BFC} = {F25D826B-FD94-45C2-BC16-6AD4974EAB97}
		{9EB08744-0789-4A94-8789-41DC73DF909F} = {6A79570C-92F6-4234-BED4-0D52C3911A10}
		{F472D5E2-6226-472A-B873-A2AC8D2CC031} = {04D72E17-5497-485F-AFF5-7DE03DA4AB73}
		{2BC6FCB3-73C9-4D17-8E7F-30EEA5D56C53} = {04D72E17-5497-485F-AFF5-7DE03DA4AB73}
		{FA721213-829E-401D-AF93-98B19F8D0617} = {04D72E17-5497-485F-AFF5-7DE03DA4AB73}
		{A24F0471-EF2C-4B7C-A078-23B9F2CD0D96} = {6A79570C-92F6-4234-BED4-0D52C3911A10}
		{2E78C96C-DBB0-42FC-8F0D-1AA73C063A98} = {6A79570C-92F6-4234-BED4-0D52C3911A10}
	EndGlobalSection
	GlobalSection(ExtensibilityGlobals) = postSolution
		SolutionGuid = {14A6BE61-0F64-4153-A0EC-07447291B81B}
	EndGlobalSection
EndGlobal
